// !$*UTF8*$!
{
	archiveVersion = 1;
	classes = {
	};
	objectVersion = 50;
	objects = {

/* Begin PBXBuildFile section */
		43BB4CC13FAC626EB02CC2A6 /* libPods-Flix.a in Frameworks */ = {isa = PBXBuildFile; fileRef = 874F12046BF2460A5294D4B0 /* libPods-Flix.a */; };
		8714EA0DB0505ADDA9C31289 /* libPods-FlixTests.a in Frameworks */ = {isa = PBXBuildFile; fileRef = F9C637D487B35E664FC6E077 /* libPods-FlixTests.a */; };
		8B2989F020B501E3003704CD /* MovieCell.m in Sources */ = {isa = PBXBuildFile; fileRef = 8B2989EF20B501E2003704CD /* MovieCell.m */; };
		8B51CA6820C0E3050043C06A /* NaviBarSearchController.m in Sources */ = {isa = PBXBuildFile; fileRef = 8B51CA6720C0E3050043C06A /* NaviBarSearchController.m */; };
		8B9A901220BE452D001645BD /* SearchBarTableViewViewController.m in Sources */ = {isa = PBXBuildFile; fileRef = 8B9A901120BE452D001645BD /* SearchBarTableViewViewController.m */; };
		8B9A901520BE6132001645BD /* UISearchViewController.m in Sources */ = {isa = PBXBuildFile; fileRef = 8B9A901420BE6132001645BD /* UISearchViewController.m */; };
		8BFB623A20B20D570068F0B4 /* AppDelegate.m in Sources */ = {isa = PBXBuildFile; fileRef = 8BFB623920B20D570068F0B4 /* AppDelegate.m */; };
		8BFB623D20B20D570068F0B4 /* ViewController.m in Sources */ = {isa = PBXBuildFile; fileRef = 8BFB623C20B20D570068F0B4 /* ViewController.m */; };
		8BFB624020B20D570068F0B4 /* Main.storyboard in Resources */ = {isa = PBXBuildFile; fileRef = 8BFB623E20B20D570068F0B4 /* Main.storyboard */; };
		8BFB624320B20D570068F0B4 /* Flix.xcdatamodeld in Sources */ = {isa = PBXBuildFile; fileRef = 8BFB624120B20D570068F0B4 /* Flix.xcdatamodeld */; };
		8BFB624520B20D580068F0B4 /* Assets.xcassets in Resources */ = {isa = PBXBuildFile; fileRef = 8BFB624420B20D580068F0B4 /* Assets.xcassets */; };
		8BFB624820B20D580068F0B4 /* LaunchScreen.storyboard in Resources */ = {isa = PBXBuildFile; fileRef = 8BFB624620B20D580068F0B4 /* LaunchScreen.storyboard */; };
		8BFB624B20B20D580068F0B4 /* main.m in Sources */ = {isa = PBXBuildFile; fileRef = 8BFB624A20B20D580068F0B4 /* main.m */; };
		8BFB625520B20D580068F0B4 /* FlixTests.m in Sources */ = {isa = PBXBuildFile; fileRef = 8BFB625420B20D580068F0B4 /* FlixTests.m */; };
		8BFB626020B20D580068F0B4 /* FlixUITests.m in Sources */ = {isa = PBXBuildFile; fileRef = 8BFB625F20B20D580068F0B4 /* FlixUITests.m */; };
		8BFB626F20B254660068F0B4 /* MovieDBProvider.m in Sources */ = {isa = PBXBuildFile; fileRef = 8BFB626E20B254660068F0B4 /* MovieDBProvider.m */; };
		C09F08ECB4B89B36ED837A10 /* libPods-FlixUITests.a in Frameworks */ = {isa = PBXBuildFile; fileRef = B98D5D8D0F1C2FAE94CCD644 /* libPods-FlixUITests.a */; };
/* End PBXBuildFile section */

/* Begin PBXContainerItemProxy section */
		8BFB625120B20D580068F0B4 /* PBXContainerItemProxy */ = {
			isa = PBXContainerItemProxy;
			containerPortal = 8BFB622D20B20D570068F0B4 /* Project object */;
			proxyType = 1;
			remoteGlobalIDString = 8BFB623420B20D570068F0B4;
			remoteInfo = Flix;
		};
		8BFB625C20B20D580068F0B4 /* PBXContainerItemProxy */ = {
			isa = PBXContainerItemProxy;
			containerPortal = 8BFB622D20B20D570068F0B4 /* Project object */;
			proxyType = 1;
			remoteGlobalIDString = 8BFB623420B20D570068F0B4;
			remoteInfo = Flix;
		};
/* End PBXContainerItemProxy section */

/* Begin PBXFileReference section */
		0A8811BE6A7EDADEA855A992 /* Pods-Flix.release.xcconfig */ = {isa = PBXFileReference; includeInIndex = 1; lastKnownFileType = text.xcconfig; name = "Pods-Flix.release.xcconfig"; path = "Pods/Target Support Files/Pods-Flix/Pods-Flix.release.xcconfig"; sourceTree = "<group>"; };
		1A20D903B641D6DBD1943DCD /* Pods-Flix.debug.xcconfig */ = {isa = PBXFileReference; includeInIndex = 1; lastKnownFileType = text.xcconfig; name = "Pods-Flix.debug.xcconfig"; path = "Pods/Target Support Files/Pods-Flix/Pods-Flix.debug.xcconfig"; sourceTree = "<group>"; };
		1F99C5DA365376D9C43430AC /* Pods-FlixUITests.release.xcconfig */ = {isa = PBXFileReference; includeInIndex = 1; lastKnownFileType = text.xcconfig; name = "Pods-FlixUITests.release.xcconfig"; path = "Pods/Target Support Files/Pods-FlixUITests/Pods-FlixUITests.release.xcconfig"; sourceTree = "<group>"; };
		31770BE3680A739B1E3FC3FB /* Pods-FlixTests.release.xcconfig */ = {isa = PBXFileReference; includeInIndex = 1; lastKnownFileType = text.xcconfig; name = "Pods-FlixTests.release.xcconfig"; path = "Pods/Target Support Files/Pods-FlixTests/Pods-FlixTests.release.xcconfig"; sourceTree = "<group>"; };
		507C60EEF4071329B009780A /* Pods-FlixUITests.debug.xcconfig */ = {isa = PBXFileReference; includeInIndex = 1; lastKnownFileType = text.xcconfig; name = "Pods-FlixUITests.debug.xcconfig"; path = "Pods/Target Support Files/Pods-FlixUITests/Pods-FlixUITests.debug.xcconfig"; sourceTree = "<group>"; };
		6AA5E2E231710FDD32B5B71C /* Pods-FlixTests.debug.xcconfig */ = {isa = PBXFileReference; includeInIndex = 1; lastKnownFileType = text.xcconfig; name = "Pods-FlixTests.debug.xcconfig"; path = "Pods/Target Support Files/Pods-FlixTests/Pods-FlixTests.debug.xcconfig"; sourceTree = "<group>"; };
		874F12046BF2460A5294D4B0 /* libPods-Flix.a */ = {isa = PBXFileReference; explicitFileType = archive.ar; includeInIndex = 0; path = "libPods-Flix.a"; sourceTree = BUILT_PRODUCTS_DIR; };
		8B2989EE20B501E2003704CD /* MovieCell.h */ = {isa = PBXFileReference; lastKnownFileType = sourcecode.c.h; path = MovieCell.h; sourceTree = "<group>"; };
		8B2989EF20B501E2003704CD /* MovieCell.m */ = {isa = PBXFileReference; lastKnownFileType = sourcecode.c.objc; path = MovieCell.m; sourceTree = "<group>"; };
		8B51CA6620C0E3050043C06A /* NaviBarSearchController.h */ = {isa = PBXFileReference; lastKnownFileType = sourcecode.c.h; path = NaviBarSearchController.h; sourceTree = "<group>"; };
		8B51CA6720C0E3050043C06A /* NaviBarSearchController.m */ = {isa = PBXFileReference; lastKnownFileType = sourcecode.c.objc; path = NaviBarSearchController.m; sourceTree = "<group>"; };
		8B9A901020BE452D001645BD /* SearchBarTableViewViewController.h */ = {isa = PBXFileReference; lastKnownFileType = sourcecode.c.h; path = SearchBarTableViewViewController.h; sourceTree = "<group>"; };
		8B9A901120BE452D001645BD /* SearchBarTableViewViewController.m */ = {isa = PBXFileReference; lastKnownFileType = sourcecode.c.objc; path = SearchBarTableViewViewController.m; sourceTree = "<group>"; };
		8B9A901320BE6132001645BD /* UISearchViewController.h */ = {isa = PBXFileReference; lastKnownFileType = sourcecode.c.h; path = UISearchViewController.h; sourceTree = "<group>"; };
		8B9A901420BE6132001645BD /* UISearchViewController.m */ = {isa = PBXFileReference; lastKnownFileType = sourcecode.c.objc; path = UISearchViewController.m; sourceTree = "<group>"; };
		8BFB623520B20D570068F0B4 /* Flix.app */ = {isa = PBXFileReference; explicitFileType = wrapper.application; includeInIndex = 0; path = Flix.app; sourceTree = BUILT_PRODUCTS_DIR; };
		8BFB623820B20D570068F0B4 /* AppDelegate.h */ = {isa = PBXFileReference; lastKnownFileType = sourcecode.c.h; path = AppDelegate.h; sourceTree = "<group>"; };
		8BFB623920B20D570068F0B4 /* AppDelegate.m */ = {isa = PBXFileReference; lastKnownFileType = sourcecode.c.objc; path = AppDelegate.m; sourceTree = "<group>"; };
		8BFB623B20B20D570068F0B4 /* ViewController.h */ = {isa = PBXFileReference; lastKnownFileType = sourcecode.c.h; path = ViewController.h; sourceTree = "<group>"; };
		8BFB623C20B20D570068F0B4 /* ViewController.m */ = {isa = PBXFileReference; lastKnownFileType = sourcecode.c.objc; path = ViewController.m; sourceTree = "<group>"; };
		8BFB623F20B20D570068F0B4 /* Base */ = {isa = PBXFileReference; lastKnownFileType = file.storyboard; name = Base; path = Base.lproj/Main.storyboard; sourceTree = "<group>"; };
		8BFB624220B20D570068F0B4 /* Flix.xcdatamodel */ = {isa = PBXFileReference; lastKnownFileType = wrapper.xcdatamodel; path = Flix.xcdatamodel; sourceTree = "<group>"; };
		8BFB624420B20D580068F0B4 /* Assets.xcassets */ = {isa = PBXFileReference; lastKnownFileType = folder.assetcatalog; path = Assets.xcassets; sourceTree = "<group>"; };
		8BFB624720B20D580068F0B4 /* Base */ = {isa = PBXFileReference; lastKnownFileType = file.storyboard; name = Base; path = Base.lproj/LaunchScreen.storyboard; sourceTree = "<group>"; };
		8BFB624920B20D580068F0B4 /* Info.plist */ = {isa = PBXFileReference; lastKnownFileType = text.plist.xml; path = Info.plist; sourceTree = "<group>"; };
		8BFB624A20B20D580068F0B4 /* main.m */ = {isa = PBXFileReference; lastKnownFileType = sourcecode.c.objc; path = main.m; sourceTree = "<group>"; };
		8BFB625020B20D580068F0B4 /* FlixTests.xctest */ = {isa = PBXFileReference; explicitFileType = wrapper.cfbundle; includeInIndex = 0; path = FlixTests.xctest; sourceTree = BUILT_PRODUCTS_DIR; };
		8BFB625420B20D580068F0B4 /* FlixTests.m */ = {isa = PBXFileReference; lastKnownFileType = sourcecode.c.objc; path = FlixTests.m; sourceTree = "<group>"; };
		8BFB625620B20D580068F0B4 /* Info.plist */ = {isa = PBXFileReference; lastKnownFileType = text.plist.xml; path = Info.plist; sourceTree = "<group>"; };
		8BFB625B20B20D580068F0B4 /* FlixUITests.xctest */ = {isa = PBXFileReference; explicitFileType = wrapper.cfbundle; includeInIndex = 0; path = FlixUITests.xctest; sourceTree = BUILT_PRODUCTS_DIR; };
		8BFB625F20B20D580068F0B4 /* FlixUITests.m */ = {isa = PBXFileReference; lastKnownFileType = sourcecode.c.objc; path = FlixUITests.m; sourceTree = "<group>"; };
		8BFB626120B20D580068F0B4 /* Info.plist */ = {isa = PBXFileReference; lastKnownFileType = text.plist.xml; path = Info.plist; sourceTree = "<group>"; };
		8BFB626D20B254660068F0B4 /* MovieDBProvider.h */ = {isa = PBXFileReference; lastKnownFileType = sourcecode.c.h; path = MovieDBProvider.h; sourceTree = "<group>"; };
		8BFB626E20B254660068F0B4 /* MovieDBProvider.m */ = {isa = PBXFileReference; lastKnownFileType = sourcecode.c.objc; path = MovieDBProvider.m; sourceTree = "<group>"; };
		B98D5D8D0F1C2FAE94CCD644 /* libPods-FlixUITests.a */ = {isa = PBXFileReference; explicitFileType = archive.ar; includeInIndex = 0; path = "libPods-FlixUITests.a"; sourceTree = BUILT_PRODUCTS_DIR; };
		F9C637D487B35E664FC6E077 /* libPods-FlixTests.a */ = {isa = PBXFileReference; explicitFileType = archive.ar; includeInIndex = 0; path = "libPods-FlixTests.a"; sourceTree = BUILT_PRODUCTS_DIR; };
/* End PBXFileReference section */

/* Begin PBXFrameworksBuildPhase section */
		8BFB623220B20D570068F0B4 /* Frameworks */ = {
			isa = PBXFrameworksBuildPhase;
			buildActionMask = 2147483647;
			files = (
				43BB4CC13FAC626EB02CC2A6 /* libPods-Flix.a in Frameworks */,
			);
			runOnlyForDeploymentPostprocessing = 0;
		};
		8BFB624D20B20D580068F0B4 /* Frameworks */ = {
			isa = PBXFrameworksBuildPhase;
			buildActionMask = 2147483647;
			files = (
				8714EA0DB0505ADDA9C31289 /* libPods-FlixTests.a in Frameworks */,
			);
			runOnlyForDeploymentPostprocessing = 0;
		};
		8BFB625820B20D580068F0B4 /* Frameworks */ = {
			isa = PBXFrameworksBuildPhase;
			buildActionMask = 2147483647;
			files = (
				C09F08ECB4B89B36ED837A10 /* libPods-FlixUITests.a in Frameworks */,
			);
			runOnlyForDeploymentPostprocessing = 0;
		};
/* End PBXFrameworksBuildPhase section */

/* Begin PBXGroup section */
		635C0DAE2A1D2D9D84DE2D08 /* Pods */ = {
			isa = PBXGroup;
			children = (
				1A20D903B641D6DBD1943DCD /* Pods-Flix.debug.xcconfig */,
				0A8811BE6A7EDADEA855A992 /* Pods-Flix.release.xcconfig */,
				6AA5E2E231710FDD32B5B71C /* Pods-FlixTests.debug.xcconfig */,
				31770BE3680A739B1E3FC3FB /* Pods-FlixTests.release.xcconfig */,
				507C60EEF4071329B009780A /* Pods-FlixUITests.debug.xcconfig */,
				1F99C5DA365376D9C43430AC /* Pods-FlixUITests.release.xcconfig */,
			);
			name = Pods;
			sourceTree = "<group>";
		};
		7D86754B0A9F4098B4381AFE /* Frameworks */ = {
			isa = PBXGroup;
			children = (
				874F12046BF2460A5294D4B0 /* libPods-Flix.a */,
				F9C637D487B35E664FC6E077 /* libPods-FlixTests.a */,
				B98D5D8D0F1C2FAE94CCD644 /* libPods-FlixUITests.a */,
			);
			name = Frameworks;
			sourceTree = "<group>";
		};
		8BFB622C20B20D570068F0B4 = {
			isa = PBXGroup;
			children = (
				8BFB623720B20D570068F0B4 /* Flix */,
				8BFB625320B20D580068F0B4 /* FlixTests */,
				8BFB625E20B20D580068F0B4 /* FlixUITests */,
				8BFB623620B20D570068F0B4 /* Products */,
				635C0DAE2A1D2D9D84DE2D08 /* Pods */,
				7D86754B0A9F4098B4381AFE /* Frameworks */,
			);
			sourceTree = "<group>";
		};
		8BFB623620B20D570068F0B4 /* Products */ = {
			isa = PBXGroup;
			children = (
				8BFB623520B20D570068F0B4 /* Flix.app */,
				8BFB625020B20D580068F0B4 /* FlixTests.xctest */,
				8BFB625B20B20D580068F0B4 /* FlixUITests.xctest */,
			);
			name = Products;
			sourceTree = "<group>";
		};
		8BFB623720B20D570068F0B4 /* Flix */ = {
			isa = PBXGroup;
			children = (
				8BFB623820B20D570068F0B4 /* AppDelegate.h */,
				8BFB623920B20D570068F0B4 /* AppDelegate.m */,
				8B51CA6620C0E3050043C06A /* NaviBarSearchController.h */,
				8B51CA6720C0E3050043C06A /* NaviBarSearchController.m */,
				8B9A901320BE6132001645BD /* UISearchViewController.h */,
				8B9A901420BE6132001645BD /* UISearchViewController.m */,
				8B9A901020BE452D001645BD /* SearchBarTableViewViewController.h */,
				8B9A901120BE452D001645BD /* SearchBarTableViewViewController.m */,
				8BFB623B20B20D570068F0B4 /* ViewController.h */,
				8BFB623C20B20D570068F0B4 /* ViewController.m */,
				8BFB623E20B20D570068F0B4 /* Main.storyboard */,
				8BFB624420B20D580068F0B4 /* Assets.xcassets */,
				8BFB624620B20D580068F0B4 /* LaunchScreen.storyboard */,
				8BFB624920B20D580068F0B4 /* Info.plist */,
				8BFB624A20B20D580068F0B4 /* main.m */,
				8BFB624120B20D570068F0B4 /* Flix.xcdatamodeld */,
				8BFB626D20B254660068F0B4 /* MovieDBProvider.h */,
				8BFB626E20B254660068F0B4 /* MovieDBProvider.m */,
				8B2989EE20B501E2003704CD /* MovieCell.h */,
				8B2989EF20B501E2003704CD /* MovieCell.m */,
			);
			path = Flix;
			sourceTree = "<group>";
		};
		8BFB625320B20D580068F0B4 /* FlixTests */ = {
			isa = PBXGroup;
			children = (
				8BFB625420B20D580068F0B4 /* FlixTests.m */,
				8BFB625620B20D580068F0B4 /* Info.plist */,
			);
			path = FlixTests;
			sourceTree = "<group>";
		};
		8BFB625E20B20D580068F0B4 /* FlixUITests */ = {
			isa = PBXGroup;
			children = (
				8BFB625F20B20D580068F0B4 /* FlixUITests.m */,
				8BFB626120B20D580068F0B4 /* Info.plist */,
			);
			path = FlixUITests;
			sourceTree = "<group>";
		};
/* End PBXGroup section */

/* Begin PBXNativeTarget section */
		8BFB623420B20D570068F0B4 /* Flix */ = {
			isa = PBXNativeTarget;
			buildConfigurationList = 8BFB626420B20D580068F0B4 /* Build configuration list for PBXNativeTarget "Flix" */;
			buildPhases = (
				FFFDBE87C9AFF4B47DBB3767 /* [CP] Check Pods Manifest.lock */,
				8BFB623120B20D570068F0B4 /* Sources */,
				8BFB623220B20D570068F0B4 /* Frameworks */,
				8BFB623320B20D570068F0B4 /* Resources */,
			);
			buildRules = (
			);
			dependencies = (
			);
			name = Flix;
			productName = Flix;
			productReference = 8BFB623520B20D570068F0B4 /* Flix.app */;
			productType = "com.apple.product-type.application";
		};
		8BFB624F20B20D580068F0B4 /* FlixTests */ = {
			isa = PBXNativeTarget;
			buildConfigurationList = 8BFB626720B20D580068F0B4 /* Build configuration list for PBXNativeTarget "FlixTests" */;
			buildPhases = (
				720F3312C608AD045580F390 /* [CP] Check Pods Manifest.lock */,
				8BFB624C20B20D580068F0B4 /* Sources */,
				8BFB624D20B20D580068F0B4 /* Frameworks */,
				8BFB624E20B20D580068F0B4 /* Resources */,
			);
			buildRules = (
			);
			dependencies = (
				8BFB625220B20D580068F0B4 /* PBXTargetDependency */,
			);
			name = FlixTests;
			productName = FlixTests;
			productReference = 8BFB625020B20D580068F0B4 /* FlixTests.xctest */;
			productType = "com.apple.product-type.bundle.unit-test";
		};
		8BFB625A20B20D580068F0B4 /* FlixUITests */ = {
			isa = PBXNativeTarget;
			buildConfigurationList = 8BFB626A20B20D580068F0B4 /* Build configuration list for PBXNativeTarget "FlixUITests" */;
			buildPhases = (
				1C0032F879810063CB863E7E /* [CP] Check Pods Manifest.lock */,
				8BFB625720B20D580068F0B4 /* Sources */,
				8BFB625820B20D580068F0B4 /* Frameworks */,
				8BFB625920B20D580068F0B4 /* Resources */,
			);
			buildRules = (
			);
			dependencies = (
				8BFB625D20B20D580068F0B4 /* PBXTargetDependency */,
			);
			name = FlixUITests;
			productName = FlixUITests;
			productReference = 8BFB625B20B20D580068F0B4 /* FlixUITests.xctest */;
			productType = "com.apple.product-type.bundle.ui-testing";
		};
/* End PBXNativeTarget section */

/* Begin PBXProject section */
		8BFB622D20B20D570068F0B4 /* Project object */ = {
			isa = PBXProject;
			attributes = {
				LastUpgradeCheck = 0930;
				ORGANIZATIONNAME = CodePath;
				TargetAttributes = {
					8BFB623420B20D570068F0B4 = {
						CreatedOnToolsVersion = 9.3.1;
					};
					8BFB624F20B20D580068F0B4 = {
						CreatedOnToolsVersion = 9.3.1;
						TestTargetID = 8BFB623420B20D570068F0B4;
					};
					8BFB625A20B20D580068F0B4 = {
						CreatedOnToolsVersion = 9.3.1;
						TestTargetID = 8BFB623420B20D570068F0B4;
					};
				};
			};
			buildConfigurationList = 8BFB623020B20D570068F0B4 /* Build configuration list for PBXProject "Flix" */;
			compatibilityVersion = "Xcode 9.3";
			developmentRegion = en;
			hasScannedForEncodings = 0;
			knownRegions = (
				en,
				Base,
			);
			mainGroup = 8BFB622C20B20D570068F0B4;
			productRefGroup = 8BFB623620B20D570068F0B4 /* Products */;
			projectDirPath = "";
			projectRoot = "";
			targets = (
				8BFB623420B20D570068F0B4 /* Flix */,
				8BFB624F20B20D580068F0B4 /* FlixTests */,
				8BFB625A20B20D580068F0B4 /* FlixUITests */,
			);
		};
/* End PBXProject section */

/* Begin PBXResourcesBuildPhase section */
		8BFB623320B20D570068F0B4 /* Resources */ = {
			isa = PBXResourcesBuildPhase;
			buildActionMask = 2147483647;
			files = (
				8BFB624820B20D580068F0B4 /* LaunchScreen.storyboard in Resources */,
				8BFB624520B20D580068F0B4 /* Assets.xcassets in Resources */,
				8BFB624020B20D570068F0B4 /* Main.storyboard in Resources */,
			);
			runOnlyForDeploymentPostprocessing = 0;
		};
		8BFB624E20B20D580068F0B4 /* Resources */ = {
			isa = PBXResourcesBuildPhase;
			buildActionMask = 2147483647;
			files = (
			);
			runOnlyForDeploymentPostprocessing = 0;
		};
		8BFB625920B20D580068F0B4 /* Resources */ = {
			isa = PBXResourcesBuildPhase;
			buildActionMask = 2147483647;
			files = (
			);
			runOnlyForDeploymentPostprocessing = 0;
		};
/* End PBXResourcesBuildPhase section */

/* Begin PBXShellScriptBuildPhase section */
		1C0032F879810063CB863E7E /* [CP] Check Pods Manifest.lock */ = {
			isa = PBXShellScriptBuildPhase;
			buildActionMask = 2147483647;
			files = (
			);
			inputPaths = (
				"${PODS_PODFILE_DIR_PATH}/Podfile.lock",
				"${PODS_ROOT}/Manifest.lock",
			);
			name = "[CP] Check Pods Manifest.lock";
			outputPaths = (
				"$(DERIVED_FILE_DIR)/Pods-FlixUITests-checkManifestLockResult.txt",
			);
			runOnlyForDeploymentPostprocessing = 0;
			shellPath = /bin/sh;
			shellScript = "diff \"${PODS_PODFILE_DIR_PATH}/Podfile.lock\" \"${PODS_ROOT}/Manifest.lock\" > /dev/null\nif [ $? != 0 ] ; then\n    # print error to STDERR\n    echo \"error: The sandbox is not in sync with the Podfile.lock. Run 'pod install' or update your CocoaPods installation.\" >&2\n    exit 1\nfi\n# This output is used by Xcode 'outputs' to avoid re-running this script phase.\necho \"SUCCESS\" > \"${SCRIPT_OUTPUT_FILE_0}\"\n";
			showEnvVarsInLog = 0;
		};
		720F3312C608AD045580F390 /* [CP] Check Pods Manifest.lock */ = {
			isa = PBXShellScriptBuildPhase;
			buildActionMask = 2147483647;
			files = (
			);
			inputPaths = (
				"${PODS_PODFILE_DIR_PATH}/Podfile.lock",
				"${PODS_ROOT}/Manifest.lock",
			);
			name = "[CP] Check Pods Manifest.lock";
			outputPaths = (
				"$(DERIVED_FILE_DIR)/Pods-FlixTests-checkManifestLockResult.txt",
			);
			runOnlyForDeploymentPostprocessing = 0;
			shellPath = /bin/sh;
			shellScript = "diff \"${PODS_PODFILE_DIR_PATH}/Podfile.lock\" \"${PODS_ROOT}/Manifest.lock\" > /dev/null\nif [ $? != 0 ] ; then\n    # print error to STDERR\n    echo \"error: The sandbox is not in sync with the Podfile.lock. Run 'pod install' or update your CocoaPods installation.\" >&2\n    exit 1\nfi\n# This output is used by Xcode 'outputs' to avoid re-running this script phase.\necho \"SUCCESS\" > \"${SCRIPT_OUTPUT_FILE_0}\"\n";
			showEnvVarsInLog = 0;
		};
		FFFDBE87C9AFF4B47DBB3767 /* [CP] Check Pods Manifest.lock */ = {
			isa = PBXShellScriptBuildPhase;
			buildActionMask = 2147483647;
			files = (
			);
			inputPaths = (
				"${PODS_PODFILE_DIR_PATH}/Podfile.lock",
				"${PODS_ROOT}/Manifest.lock",
			);
			name = "[CP] Check Pods Manifest.lock";
			outputPaths = (
				"$(DERIVED_FILE_DIR)/Pods-Flix-checkManifestLockResult.txt",
			);
			runOnlyForDeploymentPostprocessing = 0;
			shellPath = /bin/sh;
			shellScript = "diff \"${PODS_PODFILE_DIR_PATH}/Podfile.lock\" \"${PODS_ROOT}/Manifest.lock\" > /dev/null\nif [ $? != 0 ] ; then\n    # print error to STDERR\n    echo \"error: The sandbox is not in sync with the Podfile.lock. Run 'pod install' or update your CocoaPods installation.\" >&2\n    exit 1\nfi\n# This output is used by Xcode 'outputs' to avoid re-running this script phase.\necho \"SUCCESS\" > \"${SCRIPT_OUTPUT_FILE_0}\"\n";
			showEnvVarsInLog = 0;
		};
/* End PBXShellScriptBuildPhase section */

/* Begin PBXSourcesBuildPhase section */
		8BFB623120B20D570068F0B4 /* Sources */ = {
			isa = PBXSourcesBuildPhase;
			buildActionMask = 2147483647;
			files = (
				8BFB624320B20D570068F0B4 /* Flix.xcdatamodeld in Sources */,
				8BFB623D20B20D570068F0B4 /* ViewController.m in Sources */,
				8B2989F020B501E3003704CD /* MovieCell.m in Sources */,
				8BFB624B20B20D580068F0B4 /* main.m in Sources */,
				8BFB626F20B254660068F0B4 /* MovieDBProvider.m in Sources */,
				8B9A901220BE452D001645BD /* SearchBarTableViewViewController.m in Sources */,
				8B9A901520BE6132001645BD /* UISearchViewController.m in Sources */,
				8B51CA6820C0E3050043C06A /* NaviBarSearchController.m in Sources */,
				8BFB623A20B20D570068F0B4 /* AppDelegate.m in Sources */,
			);
			runOnlyForDeploymentPostprocessing = 0;
		};
		8BFB624C20B20D580068F0B4 /* Sources */ = {
			isa = PBXSourcesBuildPhase;
			buildActionMask = 2147483647;
			files = (
				8BFB625520B20D580068F0B4 /* FlixTests.m in Sources */,
			);
			runOnlyForDeploymentPostprocessing = 0;
		};
		8BFB625720B20D580068F0B4 /* Sources */ = {
			isa = PBXSourcesBuildPhase;
			buildActionMask = 2147483647;
			files = (
				8BFB626020B20D580068F0B4 /* FlixUITests.m in Sources */,
			);
			runOnlyForDeploymentPostprocessing = 0;
		};
/* End PBXSourcesBuildPhase section */

/* Begin PBXTargetDependency section */
		8BFB625220B20D580068F0B4 /* PBXTargetDependency */ = {
			isa = PBXTargetDependency;
			target = 8BFB623420B20D570068F0B4 /* Flix */;
			targetProxy = 8BFB625120B20D580068F0B4 /* PBXContainerItemProxy */;
		};
		8BFB625D20B20D580068F0B4 /* PBXTargetDependency */ = {
			isa = PBXTargetDependency;
			target = 8BFB623420B20D570068F0B4 /* Flix */;
			targetProxy = 8BFB625C20B20D580068F0B4 /* PBXContainerItemProxy */;
		};
/* End PBXTargetDependency section */

/* Begin PBXVariantGroup section */
		8BFB623E20B20D570068F0B4 /* Main.storyboard */ = {
			isa = PBXVariantGroup;
			children = (
				8BFB623F20B20D570068F0B4 /* Base */,
			);
			name = Main.storyboard;
			sourceTree = "<group>";
		};
		8BFB624620B20D580068F0B4 /* LaunchScreen.storyboard */ = {
			isa = PBXVariantGroup;
			children = (
				8BFB624720B20D580068F0B4 /* Base */,
			);
			name = LaunchScreen.storyboard;
			sourceTree = "<group>";
		};
/* End PBXVariantGroup section */

/* Begin XCBuildConfiguration section */
		8BFB626220B20D580068F0B4 /* Debug */ = {
			isa = XCBuildConfiguration;
			buildSettings = {
				ALWAYS_SEARCH_USER_PATHS = NO;
				CLANG_ANALYZER_NONNULL = YES;
				CLANG_ANALYZER_NUMBER_OBJECT_CONVERSION = YES_AGGRESSIVE;
				CLANG_CXX_LANGUAGE_STANDARD = "gnu++14";
				CLANG_CXX_LIBRARY = "libc++";
				CLANG_ENABLE_MODULES = YES;
				CLANG_ENABLE_OBJC_ARC = YES;
				CLANG_ENABLE_OBJC_WEAK = YES;
				CLANG_WARN_BLOCK_CAPTURE_AUTORELEASING = YES;
				CLANG_WARN_BOOL_CONVERSION = YES;
				CLANG_WARN_COMMA = YES;
				CLANG_WARN_CONSTANT_CONVERSION = YES;
				CLANG_WARN_DEPRECATED_OBJC_IMPLEMENTATIONS = YES;
				CLANG_WARN_DIRECT_OBJC_ISA_USAGE = YES_ERROR;
				CLANG_WARN_DOCUMENTATION_COMMENTS = YES;
				CLANG_WARN_EMPTY_BODY = YES;
				CLANG_WARN_ENUM_CONVERSION = YES;
				CLANG_WARN_INFINITE_RECURSION = YES;
				CLANG_WARN_INT_CONVERSION = YES;
				CLANG_WARN_NON_LITERAL_NULL_CONVERSION = YES;
				CLANG_WARN_OBJC_IMPLICIT_RETAIN_SELF = YES;
				CLANG_WARN_OBJC_LITERAL_CONVERSION = YES;
				CLANG_WARN_OBJC_ROOT_CLASS = YES_ERROR;
				CLANG_WARN_RANGE_LOOP_ANALYSIS = YES;
				CLANG_WARN_STRICT_PROTOTYPES = YES;
				CLANG_WARN_SUSPICIOUS_MOVE = YES;
				CLANG_WARN_UNGUARDED_AVAILABILITY = YES_AGGRESSIVE;
				CLANG_WARN_UNREACHABLE_CODE = YES;
				CLANG_WARN__DUPLICATE_METHOD_MATCH = YES;
				CODE_SIGN_IDENTITY = "iPhone Developer";
				COPY_PHASE_STRIP = NO;
				DEBUG_INFORMATION_FORMAT = dwarf;
				ENABLE_STRICT_OBJC_MSGSEND = YES;
				ENABLE_TESTABILITY = YES;
				GCC_C_LANGUAGE_STANDARD = gnu11;
				GCC_DYNAMIC_NO_PIC = NO;
				GCC_NO_COMMON_BLOCKS = YES;
				GCC_OPTIMIZATION_LEVEL = 0;
				GCC_PREPROCESSOR_DEFINITIONS = (
					"DEBUG=1",
					"$(inherited)",
				);
				GCC_WARN_64_TO_32_BIT_CONVERSION = YES;
				GCC_WARN_ABOUT_RETURN_TYPE = YES_ERROR;
				GCC_WARN_UNDECLARED_SELECTOR = YES;
				GCC_WARN_UNINITIALIZED_AUTOS = YES_AGGRESSIVE;
				GCC_WARN_UNUSED_FUNCTION = YES;
				GCC_WARN_UNUSED_VARIABLE = YES;
				IPHONEOS_DEPLOYMENT_TARGET = 11.3;
				MTL_ENABLE_DEBUG_INFO = YES;
				ONLY_ACTIVE_ARCH = YES;
				SDKROOT = iphoneos;
			};
			name = Debug;
		};
		8BFB626320B20D580068F0B4 /* Release */ = {
			isa = XCBuildConfiguration;
			buildSettings = {
				ALWAYS_SEARCH_USER_PATHS = NO;
				CLANG_ANALYZER_NONNULL = YES;
				CLANG_ANALYZER_NUMBER_OBJECT_CONVERSION = YES_AGGRESSIVE;
				CLANG_CXX_LANGUAGE_STANDARD = "gnu++14";
				CLANG_CXX_LIBRARY = "libc++";
				CLANG_ENABLE_MODULES = YES;
				CLANG_ENABLE_OBJC_ARC = YES;
				CLANG_ENABLE_OBJC_WEAK = YES;
				CLANG_WARN_BLOCK_CAPTURE_AUTORELEASING = YES;
				CLANG_WARN_BOOL_CONVERSION = YES;
				CLANG_WARN_COMMA = YES;
				CLANG_WARN_CONSTANT_CONVERSION = YES;
				CLANG_WARN_DEPRECATED_OBJC_IMPLEMENTATIONS = YES;
				CLANG_WARN_DIRECT_OBJC_ISA_USAGE = YES_ERROR;
				CLANG_WARN_DOCUMENTATION_COMMENTS = YES;
				CLANG_WARN_EMPTY_BODY = YES;
				CLANG_WARN_ENUM_CONVERSION = YES;
				CLANG_WARN_INFINITE_RECURSION = YES;
				CLANG_WARN_INT_CONVERSION = YES;
				CLANG_WARN_NON_LITERAL_NULL_CONVERSION = YES;
				CLANG_WARN_OBJC_IMPLICIT_RETAIN_SELF = YES;
				CLANG_WARN_OBJC_LITERAL_CONVERSION = YES;
				CLANG_WARN_OBJC_ROOT_CLASS = YES_ERROR;
				CLANG_WARN_RANGE_LOOP_ANALYSIS = YES;
				CLANG_WARN_STRICT_PROTOTYPES = YES;
				CLANG_WARN_SUSPICIOUS_MOVE = YES;
				CLANG_WARN_UNGUARDED_AVAILABILITY = YES_AGGRESSIVE;
				CLANG_WARN_UNREACHABLE_CODE = YES;
				CLANG_WARN__DUPLICATE_METHOD_MATCH = YES;
				CODE_SIGN_IDENTITY = "iPhone Developer";
				COPY_PHASE_STRIP = NO;
				DEBUG_INFORMATION_FORMAT = "dwarf-with-dsym";
				ENABLE_NS_ASSERTIONS = NO;
				ENABLE_STRICT_OBJC_MSGSEND = YES;
				GCC_C_LANGUAGE_STANDARD = gnu11;
				GCC_NO_COMMON_BLOCKS = YES;
				GCC_WARN_64_TO_32_BIT_CONVERSION = YES;
				GCC_WARN_ABOUT_RETURN_TYPE = YES_ERROR;
				GCC_WARN_UNDECLARED_SELECTOR = YES;
				GCC_WARN_UNINITIALIZED_AUTOS = YES_AGGRESSIVE;
				GCC_WARN_UNUSED_FUNCTION = YES;
				GCC_WARN_UNUSED_VARIABLE = YES;
				IPHONEOS_DEPLOYMENT_TARGET = 11.3;
				MTL_ENABLE_DEBUG_INFO = NO;
				SDKROOT = iphoneos;
				VALIDATE_PRODUCT = YES;
			};
			name = Release;
		};
		8BFB626520B20D580068F0B4 /* Debug */ = {
			isa = XCBuildConfiguration;
			baseConfigurationReference = 1A20D903B641D6DBD1943DCD /* Pods-Flix.debug.xcconfig */;
			buildSettings = {
				ASSETCATALOG_COMPILER_APPICON_NAME = AppIcon;
				CODE_SIGN_STYLE = Automatic;
				DEVELOPMENT_TEAM = SDHBMW8ZGY;
				INFOPLIST_FILE = Flix/Info.plist;
				LD_RUNPATH_SEARCH_PATHS = (
					"$(inherited)",
					"@executable_path/Frameworks",
				);
				PRODUCT_BUNDLE_IDENTIFIER = com.codepath.Flix;
				PRODUCT_NAME = "$(TARGET_NAME)";
				TARGETED_DEVICE_FAMILY = "1,2";
			};
			name = Debug;
		};
		8BFB626620B20D580068F0B4 /* Release */ = {
			isa = XCBuildConfiguration;
			baseConfigurationReference = 0A8811BE6A7EDADEA855A992 /* Pods-Flix.release.xcconfig */;
			buildSettings = {
				ASSETCATALOG_COMPILER_APPICON_NAME = AppIcon;
				CODE_SIGN_STYLE = Automatic;
				DEVELOPMENT_TEAM = SDHBMW8ZGY;
				INFOPLIST_FILE = Flix/Info.plist;
				LD_RUNPATH_SEARCH_PATHS = (
					"$(inherited)",
					"@executable_path/Frameworks",
				);
				PRODUCT_BUNDLE_IDENTIFIER = com.codepath.Flix;
				PRODUCT_NAME = "$(TARGET_NAME)";
				TARGETED_DEVICE_FAMILY = "1,2";
			};
			name = Release;
		};
		8BFB626820B20D580068F0B4 /* Debug */ = {
			isa = XCBuildConfiguration;
			baseConfigurationReference = 6AA5E2E231710FDD32B5B71C /* Pods-FlixTests.debug.xcconfig */;
			buildSettings = {
				BUNDLE_LOADER = "$(TEST_HOST)";
				CODE_SIGN_STYLE = Automatic;
				DEVELOPMENT_TEAM = SDHBMW8ZGY;
				INFOPLIST_FILE = FlixTests/Info.plist;
				LD_RUNPATH_SEARCH_PATHS = (
					"$(inherited)",
					"@executable_path/Frameworks",
					"@loader_path/Frameworks",
				);
				PRODUCT_BUNDLE_IDENTIFIER = com.codepath.FlixTests;
				PRODUCT_NAME = "$(TARGET_NAME)";
				TARGETED_DEVICE_FAMILY = "1,2";
				TEST_HOST = "$(BUILT_PRODUCTS_DIR)/Flix.app/Flix";
			};
			name = Debug;
		};
		8BFB626920B20D580068F0B4 /* Release */ = {
			isa = XCBuildConfiguration;
			baseConfigurationReference = 31770BE3680A739B1E3FC3FB /* Pods-FlixTests.release.xcconfig */;
			buildSettings = {
				BUNDLE_LOADER = "$(TEST_HOST)";
				CODE_SIGN_STYLE = Automatic;
				DEVELOPMENT_TEAM = SDHBMW8ZGY;
				INFOPLIST_FILE = FlixTests/Info.plist;
				LD_RUNPATH_SEARCH_PATHS = (
					"$(inherited)",
					"@executable_path/Frameworks",
					"@loader_path/Frameworks",
				);
				PRODUCT_BUNDLE_IDENTIFIER = com.codepath.FlixTests;
				PRODUCT_NAME = "$(TARGET_NAME)";
				TARGETED_DEVICE_FAMILY = "1,2";
				TEST_HOST = "$(BUILT_PRODUCTS_DIR)/Flix.app/Flix";
			};
			name = Release;
		};
		8BFB626B20B20D580068F0B4 /* Debug */ = {
			isa = XCBuildConfiguration;
			baseConfigurationReference = 507C60EEF4071329B009780A /* Pods-FlixUITests.debug.xcconfig */;
			buildSettings = {
				CODE_SIGN_STYLE = Automatic;
				DEVELOPMENT_TEAM = SDHBMW8ZGY;
				INFOPLIST_FILE = FlixUITests/Info.plist;
				LD_RUNPATH_SEARCH_PATHS = (
					"$(inherited)",
					"@executable_path/Frameworks",
					"@loader_path/Frameworks",
				);
				PRODUCT_BUNDLE_IDENTIFIER = com.codepath.FlixUITests;
				PRODUCT_NAME = "$(TARGET_NAME)";
				TARGETED_DEVICE_FAMILY = "1,2";
				TEST_TARGET_NAME = Flix;
			};
			name = Debug;
		};
		8BFB626C20B20D580068F0B4 /* Release */ = {
			isa = XCBuildConfiguration;
			baseConfigurationReference = 1F99C5DA365376D9C43430AC /* Pods-FlixUITests.release.xcconfig */;
			buildSettings = {
				CODE_SIGN_STYLE = Automatic;
				DEVELOPMENT_TEAM = SDHBMW8ZGY;
				INFOPLIST_FILE = FlixUITests/Info.plist;
				LD_RUNPATH_SEARCH_PATHS = (
					"$(inherited)",
					"@executable_path/Frameworks",
					"@loader_path/Frameworks",
				);
				PRODUCT_BUNDLE_IDENTIFIER = com.codepath.FlixUITests;
				PRODUCT_NAME = "$(TARGET_NAME)";
				TARGETED_DEVICE_FAMILY = "1,2";
				TEST_TARGET_NAME = Flix;
			};
			name = Release;
		};
/* End XCBuildConfiguration section */

/* Begin XCConfigurationList section */
		8BFB623020B20D570068F0B4 /* Build configuration list for PBXProject "Flix" */ = {
			isa = XCConfigurationList;
			buildConfigurations = (
				8BFB626220B20D580068F0B4 /* Debug */,
				8BFB626320B20D580068F0B4 /* Release */,
			);
			defaultConfigurationIsVisible = 0;
			defaultConfigurationName = Release;
		};
		8BFB626420B20D580068F0B4 /* Build configuration list for PBXNativeTarget "Flix" */ = {
			isa = XCConfigurationList;
			buildConfigurations = (
				8BFB626520B20D580068F0B4 /* Debug */,
				8BFB626620B20D580068F0B4 /* Release */,
			);
			defaultConfigurationIsVisible = 0;
			defaultConfigurationName = Release;
		};
		8BFB626720B20D580068F0B4 /* Build configuration list for PBXNativeTarget "FlixTests" */ = {
			isa = XCConfigurationList;
			buildConfigurations = (
				8BFB626820B20D580068F0B4 /* Debug */,
				8BFB626920B20D580068F0B4 /* Release */,
			);
			defaultConfigurationIsVisible = 0;
			defaultConfigurationName = Release;
		};
		8BFB626A20B20D580068F0B4 /* Build configuration list for PBXNativeTarget "FlixUITests" */ = {
			isa = XCConfigurationList;
			buildConfigurations = (
				8BFB626B20B20D580068F0B4 /* Debug */,
				8BFB626C20B20D580068F0B4 /* Release */,
			);
			defaultConfigurationIsVisible = 0;
			defaultConfigurationName = Release;
		};
/* End XCConfigurationList section */

/* Begin XCVersionGroup section */
		8BFB624120B20D570068F0B4 /* Flix.xcdatamodeld */ = {
			isa = XCVersionGroup;
			children = (
				8BFB624220B20D570068F0B4 /* Flix.xcdatamodel */,
			);
			currentVersion = 8BFB624220B20D570068F0B4 /* Flix.xcdatamodel */;
			path = Flix.xcdatamodeld;
			sourceTree = "<group>";
			versionGroupType = wrapper.xcdatamodel;
		};
/* End XCVersionGroup section */
	};
	rootObject = 8BFB622D20B20D570068F0B4 /* Project object */;
}
